// !$*UTF8*$!
{
	archiveVersion = 1;
	classes = {
	};
	objectVersion = 56;
	objects = {

/* Begin PBXBuildFile section */
		3B807C64A51122C385DCF4DE /* SuperAppApp.swift in Sources */ = {isa = PBXBuildFile; fileRef = 5EFEC995C66AF0110E412406 /* SuperAppApp.swift */; };
		5592DB3846A19F2E35009406 /* RootCoordinator.swift in Sources */ = {isa = PBXBuildFile; fileRef = 5F151183578CC5C968AC619A /* RootCoordinator.swift */; };
		F9C91A3E1A43A2AE0AF999BF /* RootView.swift in Sources */ = {isa = PBXBuildFile; fileRef = B4D034C4C17A89FFBBA570E8 /* RootView.swift */; };
		EB13F3AD078A7F369E8EDA48 /* Assets.xcassets in Resources */ = {isa = PBXBuildFile; fileRef = CD17AB2CD4CDECCA438A4F8A /* Assets.xcassets */; };
		0F8C913D090C6E4A8DE197CA /* Core in Frameworks */ = {isa = PBXBuildFile; productRef = A836B8984E14703D7D77464B /* Core */; };
		A0B86D20A47E5EE05625352D /* Pix in Frameworks */ = {isa = PBXBuildFile; productRef = 09E056165A0062E08C957F9B /* Pix */; };
		060B8134C5B163A55755D782 /* SuperAppUITests.swift in Sources */ = {isa = PBXBuildFile; fileRef = 370D5FEBD000B68BBF99598F /* SuperAppUITests.swift */; };
/* End PBXBuildFile section */

/* Begin PBXFileReference section */
		5EFEC995C66AF0110E412406 /* SuperAppApp.swift */ = {isa = PBXFileReference; lastKnownFileType = sourcecode.swift; path = SuperAppApp.swift; sourceTree = "<group>"; };
		5F151183578CC5C968AC619A /* RootCoordinator.swift */ = {isa = PBXFileReference; lastKnownFileType = sourcecode.swift; path = RootCoordinator.swift; sourceTree = "<group>"; };
		B4D034C4C17A89FFBBA570E8 /* RootView.swift */ = {isa = PBXFileReference; lastKnownFileType = sourcecode.swift; path = RootView.swift; sourceTree = "<group>"; };
		CD17AB2CD4CDECCA438A4F8A /* Assets.xcassets */ = {isa = PBXFileReference; lastKnownFileType = folder.assetcatalog; path = Assets.xcassets; sourceTree = "<group>"; };
		BC226FF7F429D3500584F9E0 /* SuperApp.app */ = {isa = PBXFileReference; explicitFileType = wrapper.application; includeInIndex = 0; path = SuperApp.app; sourceTree = BUILT_PRODUCTS_DIR; };
		370D5FEBD000B68BBF99598F /* SuperAppUITests.swift */ = {isa = PBXFileReference; lastKnownFileType = sourcecode.swift; path = SuperAppUITests.swift; sourceTree = "<group>"; };
		5001263561FFBC442937EEA4 /* SuperAppUITests.xctest */ = {isa = PBXFileReference; explicitFileType = wrapper.cfbundle; includeInIndex = 0; path = SuperAppUITests.xctest; sourceTree = BUILT_PRODUCTS_DIR; };
/* End PBXFileReference section */

/* Begin PBXFrameworksBuildPhase section */
		4FC163547A7EFA3FF21A87FD /* Frameworks */ = {
			isa = PBXFrameworksBuildPhase;
			buildActionMask = 2147483647;
			files = (
				0F8C913D090C6E4A8DE197CA /* Core in Frameworks */,
				A0B86D20A47E5EE05625352D /* Pix in Frameworks */,
			);
			runOnlyForDeploymentPostprocessing = 0;
		};
		3DCA06CCD53D69A4F8CDDBCD /* Frameworks */ = {
			isa = PBXFrameworksBuildPhase;
			buildActionMask = 2147483647;
			files = (
			);
			runOnlyForDeploymentPostprocessing = 0;
		};
/* End PBXFrameworksBuildPhase section */

/* Begin PBXGroup section */
		E69D889D0880408C1BF92350 = {
			isa = PBXGroup;
			children = (
				71FFF874F838F540E37759C5 /* App */,
				884A36125D0E52B068FD858D /* SuperAppUITests */,
				36D3509A6A6485222AD88A9E /* Products */,
			);
			sourceTree = "<group>";
		};
		71FFF874F838F540E37759C5 /* App */ = {
			isa = PBXGroup;
			children = (
				5EFEC995C66AF0110E412406 /* SuperAppApp.swift */,
				5F151183578CC5C968AC619A /* RootCoordinator.swift */,
				B4D034C4C17A89FFBBA570E8 /* RootView.swift */,
				CD17AB2CD4CDECCA438A4F8A /* Assets.xcassets */,
			);
			path = App;
			sourceTree = "<group>";
		};
		36D3509A6A6485222AD88A9E /* Products */ = {
			isa = PBXGroup;
			children = (
				BC226FF7F429D3500584F9E0 /* SuperApp.app */,
				5001263561FFBC442937EEA4 /* SuperAppUITests.xctest */,
			);
			name = Products;
			sourceTree = "<group>";
		};
		884A36125D0E52B068FD858D /* SuperAppUITests */ = {
			isa = PBXGroup;
			children = (
				370D5FEBD000B68BBF99598F /* SuperAppUITests.swift */,
			);
			path = SuperAppUITests;
			sourceTree = "<group>";
		};
/* End PBXGroup section */

/* Begin PBXNativeTarget section */
		A8798D2CA1C9FA4855A20298 /* SuperApp */ = {
			isa = PBXNativeTarget;
			buildConfigurationList = 567472CAEE91D9819E6DFA92 /* Build configuration list for PBXNativeTarget "SuperApp" */;
			buildPhases = (
				C984D3B2DC012449C2FD43FF /* Sources */,
				4FC163547A7EFA3FF21A87FD /* Frameworks */,
				DE70D1CA8B5D0C145DBBF21C /* Resources */,
			);
			buildRules = (
			);
			dependencies = (
			);
			name = SuperApp;
			packageProductDependencies = (
				A836B8984E14703D7D77464B /* Core */,
				09E056165A0062E08C957F9B /* Pix */,
			);
			productName = SuperApp;
			productReference = BC226FF7F429D3500584F9E0 /* SuperApp.app */;
			productType = "com.apple.product-type.application";
		};
		566CD31A051AAB4CD58AA9C3 /* SuperAppUITests */ = {
			isa = PBXNativeTarget;
			buildConfigurationList = 508D2A2E1FC0F6BB5BBC34BA /* Build configuration list for PBXNativeTarget "SuperAppUITests" */;
			buildPhases = (
				7EB28E8F8A5244E63A73D016 /* Sources */,
				3DCA06CCD53D69A4F8CDDBCD /* Frameworks */,
				80616CAE5ED91ED760D91F02 /* Resources */,
			);
			buildRules = (
			);
			dependencies = (
				09DE2D1AC094BC85AB39528F /* PBXTargetDependency */,
			);
			name = SuperAppUITests;
			packageProductDependencies = (
			);
			productName = SuperAppUITests;
			productReference = 5001263561FFBC442937EEA4 /* SuperAppUITests.xctest */;
			productType = "com.apple.product-type.bundle.ui-testing";
		};
/* End PBXNativeTarget section */

/* Begin PBXContainerItemProxy section */
		0EE049870E56C7B751F58501 /* PBXContainerItemProxy */ = {
			isa = PBXContainerItemProxy;
			containerPortal = 91E89F2660AB5186FCFF8B75 /* Project object */;
			proxyType = 1;
			remoteGlobalIDString = A8798D2CA1C9FA4855A20298;
			remoteInfo = SuperApp;
		};
/* End PBXContainerItemProxy section */

/* Begin PBXTargetDependency section */
		09DE2D1AC094BC85AB39528F /* PBXTargetDependency */ = {
			isa = PBXTargetDependency;
			target = A8798D2CA1C9FA4855A20298 /* SuperApp */;
			targetProxy = 0EE049870E56C7B751F58501 /* PBXContainerItemProxy */;
		};
/* End PBXTargetDependency section */

/* Begin PBXProject section */
		91E89F2660AB5186FCFF8B75 /* Project object */ = {
			isa = PBXProject;
			attributes = {
				BuildIndependentTargetsInParallel = 1;
				LastSwiftUpdateCheck = 1620;
				LastUpgradeCheck = 1620;
				TargetAttributes = {
					A8798D2CA1C9FA4855A20298 = {
						CreatedOnToolsVersion = 16.2;
					};
					566CD31A051AAB4CD58AA9C3 = {
						CreatedOnToolsVersion = 16.2;
						TestTargetID = A8798D2CA1C9FA4855A20298;
					};
				};
			};
			buildConfigurationList = A7DBFBFC24237A81DFDF515B /* Build configuration list for PBXProject "SuperApp" */;
			compatibilityVersion = "Xcode 14.0";
			developmentRegion = en;
			hasScannedForEncodings = 0;
			knownRegions = (
				en,
				Base,
			);
			mainGroup = E69D889D0880408C1BF92350;
			packageReferences = (
				C2AD2850016DAA9AC45125A6 /* XCLocalSwiftPackageReference "Packages/Core" */,
				1CCCC8357F5BAA9807644E0C /* XCLocalSwiftPackageReference "Packages/Pix" */,
			);
			productRefGroup = 36D3509A6A6485222AD88A9E /* Products */;
			projectDirPath = "";
			projectRoot = "";
			targets = (
				A8798D2CA1C9FA4855A20298 /* SuperApp */,
				566CD31A051AAB4CD58AA9C3 /* SuperAppUITests */,
			);
		};
/* End PBXProject section */

/* Begin PBXResourcesBuildPhase section */
		DE70D1CA8B5D0C145DBBF21C /* Resources */ = {
			isa = PBXResourcesBuildPhase;
			buildActionMask = 2147483647;
			files = (
				EB13F3AD078A7F369E8EDA48 /* Assets.xcassets in Resources */,
			);
			runOnlyForDeploymentPostprocessing = 0;
		};
		80616CAE5ED91ED760D91F02 /* Resources */ = {
			isa = PBXResourcesBuildPhase;
			buildActionMask = 2147483647;
			files = (
			);
			runOnlyForDeploymentPostprocessing = 0;
		};
/* End PBXResourcesBuildPhase section */

/* Begin PBXSourcesBuildPhase section */
		C984D3B2DC012449C2FD43FF /* Sources */ = {
			isa = PBXSourcesBuildPhase;
			buildActionMask = 2147483647;
			files = (
				3B807C64A51122C385DCF4DE /* SuperAppApp.swift in Sources */,
				5592DB3846A19F2E35009406 /* RootCoordinator.swift in Sources */,
				F9C91A3E1A43A2AE0AF999BF /* RootView.swift in Sources */,
			);
			runOnlyForDeploymentPostprocessing = 0;
		};
		7EB28E8F8A5244E63A73D016 /* Sources */ = {
			isa = PBXSourcesBuildPhase;
			buildActionMask = 2147483647;
			files = (
				060B8134C5B163A55755D782 /* SuperAppUITests.swift in Sources */,
			);
			runOnlyForDeploymentPostprocessing = 0;
		};
/* End PBXSourcesBuildPhase section */

/* Begin XCBuildConfiguration section */
		F9E72037780A81FA63DAC210 /* Debug */ = {
			isa = XCBuildConfiguration;
			buildSettings = {
				ALWAYS_SEARCH_USER_PATHS = NO;
				CLANG_ANALYZER_NONNULL = YES;
				CLANG_ANALYZER_NUMBER_OBJECT_CONVERSION = YES_AGGRESSIVE;
				CLANG_CXX_LANGUAGE_STANDARD = "gnu++20";
				CLANG_ENABLE_MODULES = YES;
				CLANG_ENABLE_OBJC_ARC = YES;
				CLANG_ENABLE_OBJC_WEAK = YES;
				CLANG_WARN_BLOCK_CAPTURE_AUTORELEASING = YES;
				CLANG_WARN_BOOL_CONVERSION = YES;
				CLANG_WARN_COMMA = YES;
				CLANG_WARN_CONSTANT_CONVERSION = YES;
				CLANG_WARN_DEPRECATED_OBJC_IMPLEMENTATIONS = YES;
				CLANG_WARN_DIRECT_OBJC_ISA_USAGE = YES_ERROR;
				CLANG_WARN_DOCUMENTATION_COMMENTS = YES;
				CLANG_WARN_EMPTY_BODY = YES;
				CLANG_WARN_ENUM_CONVERSION = YES;
				CLANG_WARN_INFINITE_RECURSION = YES;
				CLANG_WARN_INT_CONVERSION = YES;
				CLANG_WARN_NON_LITERAL_NULL_CONVERSION = YES;
				CLANG_WARN_OBJC_IMPLICIT_RETAIN_SELF = YES;
				CLANG_WARN_OBJC_LITERAL_CONVERSION = YES;
				CLANG_WARN_OBJC_ROOT_CLASS = YES_ERROR;
				CLANG_WARN_QUOTED_INCLUDE_IN_FRAMEWORK_HEADER = YES;
				CLANG_WARN_RANGE_LOOP_ANALYSIS = YES;
				CLANG_WARN_STRICT_PROTOTYPES = YES;
				CLANG_WARN_SUSPICIOUS_MOVE = YES;
				CLANG_WARN_UNGUARDED_AVAILABILITY = YES_AGGRESSIVE;
				CLANG_WARN_UNREACHABLE_CODE = YES;
				CLANG_WARN__DUPLICATE_METHOD_MATCH = YES;
				COPY_PHASE_STRIP = NO;
				DEBUG_INFORMATION_FORMAT = dwarf;
				ENABLE_STRICT_OBJC_MSGSEND = YES;
				ENABLE_TESTABILITY = YES;
				ENABLE_USER_SCRIPT_SANDBOXING = YES;
				GCC_C_LANGUAGE_STANDARD = gnu17;
				GCC_DYNAMIC_NO_PIC = NO;
				GCC_NO_COMMON_BLOCKS = YES;
				GCC_OPTIMIZATION_LEVEL = 0;
				GCC_PREPROCESSOR_DEFINITIONS = (
					"DEBUG=1",
					"$(inherited)",
				);
				GCC_WARN_64_TO_32_BIT_CONVERSION = YES;
				GCC_WARN_ABOUT_RETURN_TYPE = YES_ERROR;
				GCC_WARN_UNDECLARED_SELECTOR = YES;
				GCC_WARN_UNINITIALIZED_AUTOS = YES_AGGRESSIVE;
				GCC_WARN_UNUSED_FUNCTION = YES;
				GCC_WARN_UNUSED_VARIABLE = YES;
				IPHONEOS_DEPLOYMENT_TARGET = 16.0;
				MTL_ENABLE_DEBUG_INFO = INCLUDE_SOURCE;
				MTL_FAST_MATH = YES;
				ONLY_ACTIVE_ARCH = YES;
				SDKROOT = iphoneos;
				SWIFT_ACTIVE_COMPILATION_CONDITIONS = "DEBUG $(inherited)";
				SWIFT_OPTIMIZATION_LEVEL = "-Onone";
			};
			name = Debug;
		};
		89D662E61EAF9E8C89669D00 /* Release */ = {
			isa = XCBuildConfiguration;
			buildSettings = {
				ALWAYS_SEARCH_USER_PATHS = NO;
				CLANG_ANALYZER_NONNULL = YES;
				CLANG_ANALYZER_NUMBER_OBJECT_CONVERSION = YES_AGGRESSIVE;
				CLANG_CXX_LANGUAGE_STANDARD = "gnu++20";
				CLANG_ENABLE_MODULES = YES;
				CLANG_ENABLE_OBJC_ARC = YES;
				CLANG_ENABLE_OBJC_WEAK = YES;
				CLANG_WARN_BLOCK_CAPTURE_AUTORELEASING = YES;
				CLANG_WARN_BOOL_CONVERSION = YES;
				CLANG_WARN_COMMA = YES;
				CLANG_WARN_CONSTANT_CONVERSION = YES;
				CLANG_WARN_DEPRECATED_OBJC_IMPLEMENTATIONS = YES;
				CLANG_WARN_DIRECT_OBJC_ISA_USAGE = YES_ERROR;
				CLANG_WARN_DOCUMENTATION_COMMENTS = YES;
				CLANG_WARN_EMPTY_BODY = YES;
				CLANG_WARN_ENUM_CONVERSION = YES;
				CLANG_WARN_INFINITE_RECURSION = YES;
				CLANG_WARN_INT_CONVERSION = YES;
				CLANG_WARN_NON_LITERAL_NULL_CONVERSION = YES;
				CLANG_WARN_OBJC_IMPLICIT_RETAIN_SELF = YES;
				CLANG_WARN_OBJC_LITERAL_CONVERSION = YES;
				CLANG_WARN_OBJC_ROOT_CLASS = YES_ERROR;
				CLANG_WARN_QUOTED_INCLUDE_IN_FRAMEWORK_HEADER = YES;
				CLANG_WARN_RANGE_LOOP_ANALYSIS = YES;
				CLANG_WARN_STRICT_PROTOTYPES = YES;
				CLANG_WARN_SUSPICIOUS_MOVE = YES;
				CLANG_WARN_UNGUARDED_AVAILABILITY = YES_AGGRESSIVE;
				CLANG_WARN_UNREACHABLE_CODE = YES;
				CLANG_WARN__DUPLICATE_METHOD_MATCH = YES;
				COPY_PHASE_STRIP = NO;
				DEBUG_INFORMATION_FORMAT = "dwarf-with-dsym";
				ENABLE_NS_ASSERTIONS = NO;
				ENABLE_STRICT_OBJC_MSGSEND = YES;
				ENABLE_USER_SCRIPT_SANDBOXING = YES;
				GCC_C_LANGUAGE_STANDARD = gnu17;
				GCC_NO_COMMON_BLOCKS = YES;
				GCC_WARN_64_TO_32_BIT_CONVERSION = YES;
				GCC_WARN_ABOUT_RETURN_TYPE = YES_ERROR;
				GCC_WARN_UNDECLARED_SELECTOR = YES;
				GCC_WARN_UNINITIALIZED_AUTOS = YES_AGGRESSIVE;
				GCC_WARN_UNUSED_FUNCTION = YES;
				GCC_WARN_UNUSED_VARIABLE = YES;
				IPHONEOS_DEPLOYMENT_TARGET = 16.0;
				MTL_ENABLE_DEBUG_INFO = NO;
				MTL_FAST_MATH = YES;
				SDKROOT = iphoneos;
				SWIFT_COMPILATION_MODE = wholemodule;
				VALIDATE_PRODUCT = YES;
			};
			name = Release;
		};
		C8126A4305B8706F82D3D707 /* Debug */ = {
			isa = XCBuildConfiguration;
			buildSettings = {
				ASSETCATALOG_COMPILER_APPICON_NAME = AppIcon;
				ASSETCATALOG_COMPILER_GLOBAL_ACCENT_COLOR_NAME = AccentColor;
				CODE_SIGN_STYLE = Automatic;
				CURRENT_PROJECT_VERSION = 1;
				ENABLE_PREVIEWS = YES;
				GENERATE_INFOPLIST_FILE = YES;
				INFOPLIST_KEY_CFBundleDisplayName = SuperApp;
				INFOPLIST_KEY_UIApplicationSceneManifest_Generation = YES;
				INFOPLIST_KEY_UIApplicationSupportsIndirectInputEvents = YES;
				INFOPLIST_KEY_UILaunchScreen_Generation = YES;
				INFOPLIST_KEY_UISupportedInterfaceOrientations = UIInterfaceOrientationPortrait;
				INFOPLIST_KEY_UISupportedInterfaceOrientations_iPad = "UIInterfaceOrientationPortrait UIInterfaceOrientationPortraitUpsideDown UIInterfaceOrientationLandscapeLeft UIInterfaceOrientationLandscapeRight";
				LD_RUNPATH_SEARCH_PATHS = (
					"$(inherited)",
					"@executable_path/Frameworks",
				);
				MARKETING_VERSION = 1.0;
				PRODUCT_BUNDLE_IDENTIFIER = "com.superapp.lab.SuperApp";
				PRODUCT_NAME = "$(TARGET_NAME)";
				SWIFT_EMIT_LOC_STRINGS = YES;
				SWIFT_VERSION = 5.0;
				TARGETED_DEVICE_FAMILY = "1,2";
			};
			name = Debug;
		};
		9A00E2CC3D8DE21EE03BECD9 /* Release */ = {
			isa = XCBuildConfiguration;
			buildSettings = {
				ASSETCATALOG_COMPILER_APPICON_NAME = AppIcon;
				ASSETCATALOG_COMPILER_GLOBAL_ACCENT_COLOR_NAME = AccentColor;
				CODE_SIGN_STYLE = Automatic;
				CURRENT_PROJECT_VERSION = 1;
				ENABLE_PREVIEWS = YES;
				GENERATE_INFOPLIST_FILE = YES;
				INFOPLIST_KEY_CFBundleDisplayName = SuperApp;
				INFOPLIST_KEY_UIApplicationSceneManifest_Generation = YES;
				INFOPLIST_KEY_UIApplicationSupportsIndirectInputEvents = YES;
				INFOPLIST_KEY_UILaunchScreen_Generation = YES;
				INFOPLIST_KEY_UISupportedInterfaceOrientations = UIInterfaceOrientationPortrait;
				INFOPLIST_KEY_UISupportedInterfaceOrientations_iPad = "UIInterfaceOrientationPortrait UIInterfaceOrientationPortraitUpsideDown UIInterfaceOrientationLandscapeLeft UIInterfaceOrientationLandscapeRight";
				LD_RUNPATH_SEARCH_PATHS = (
					"$(inherited)",
					"@executable_path/Frameworks",
				);
				MARKETING_VERSION = 1.0;
				PRODUCT_BUNDLE_IDENTIFIER = "com.superapp.lab.SuperApp";
				PRODUCT_NAME = "$(TARGET_NAME)";
				SWIFT_EMIT_LOC_STRINGS = YES;
				SWIFT_VERSION = 5.0;
				TARGETED_DEVICE_FAMILY = "1,2";
			};
			name = Release;
		};
		90090485321A7C56CC968BDD /* Debug */ = {
			isa = XCBuildConfiguration;
			buildSettings = {
				CODE_SIGN_STYLE = Automatic;
				CURRENT_PROJECT_VERSION = 1;
				GENERATE_INFOPLIST_FILE = YES;
				MARKETING_VERSION = 1.0;
				PRODUCT_BUNDLE_IDENTIFIER = "com.superapp.lab.SuperAppUITests";
				PRODUCT_NAME = "$(TARGET_NAME)";
				SWIFT_EMIT_LOC_STRINGS = NO;
				SWIFT_VERSION = 5.0;
				TARGETED_DEVICE_FAMILY = "1,2";
				TEST_TARGET_NAME = SuperApp;
			};
			name = Debug;
		};
		0861544279C93E1686C9F172 /* Release */ = {
			isa = XCBuildConfiguration;
			buildSettings = {
				CODE_SIGN_STYLE = Automatic;
				CURRENT_PROJECT_VERSION = 1;
				GENERATE_INFOPLIST_FILE = YES;
				MARKETING_VERSION = 1.0;
				PRODUCT_BUNDLE_IDENTIFIER = "com.superapp.lab.SuperAppUITests";
				PRODUCT_NAME = "$(TARGET_NAME)";
				SWIFT_EMIT_LOC_STRINGS = NO;
				SWIFT_VERSION = 5.0;
				TARGETED_DEVICE_FAMILY = "1,2";
				TEST_TARGET_NAME = SuperApp;
			};
			name = Release;
		};
/* End XCBuildConfiguration section */

/* Begin XCConfigurationList section */
		567472CAEE91D9819E6DFA92 /* Build configuration list for PBXNativeTarget "SuperApp" */ = {
			isa = XCConfigurationList;
			buildConfigurations = (
				C8126A4305B8706F82D3D707 /* Debug */,
				9A00E2CC3D8DE21EE03BECD9 /* Release */,
			);
			defaultConfigurationIsVisible = 0;
			defaultConfigurationName = Release;
		};
		A7DBFBFC24237A81DFDF515B /* Build configuration list for PBXProject "SuperApp" */ = {
			isa = XCConfigurationList;
			buildConfigurations = (
				F9E72037780A81FA63DAC210 /* Debug */,
				89D662E61EAF9E8C89669D00 /* Release */,
			);
			defaultConfigurationIsVisible = 0;
			defaultConfigurationName = Release;
		};
		508D2A2E1FC0F6BB5BBC34BA /* Build configuration list for PBXNativeTarget "SuperAppUITests" */ = {
			isa = XCConfigurationList;
			buildConfigurations = (
				90090485321A7C56CC968BDD /* Debug */,
				0861544279C93E1686C9F172 /* Release */,
			);
			defaultConfigurationIsVisible = 0;
			defaultConfigurationName = Release;
		};
/* End XCConfigurationList section */

/* Begin XCLocalSwiftPackageReference section */
		C2AD2850016DAA9AC45125A6 /* XCLocalSwiftPackageReference "Packages/Core" */ = {
			isa = XCLocalSwiftPackageReference;
			relativePath = Packages/Core;
		};
		1CCCC8357F5BAA9807644E0C /* XCLocalSwiftPackageReference "Packages/Pix" */ = {
			isa = XCLocalSwiftPackageReference;
			relativePath = Packages/Pix;
		};
/* End XCLocalSwiftPackageReference section */

/* Begin XCSwiftPackageProductDependency section */
		A836B8984E14703D7D77464B /* Core */ = {
			isa = XCSwiftPackageProductDependency;
			productName = Core;
		};
		09E056165A0062E08C957F9B /* Pix */ = {
			isa = XCSwiftPackageProductDependency;
			productName = Pix;
		};
/* End XCSwiftPackageProductDependency section */
	};
	rootObject = 91E89F2660AB5186FCFF8B75 /* Project object */;
}
